
Microsoft Visual Studio Solution File, Format Version 12.00
# Visual Studio Version 17
VisualStudioVersion = 17.9.34622.214
MinimumVisualStudioVersion = 10.0.40219.1
Project("{9A19103F-16F7-4668-BE54-9A1E7A4F7556}") = "PCS.Front", "PCS.Front\PCS.Front.csproj", "{34A5244B-C529-49FD-9B25-7D11F9EF4F9F}"
EndProject
Project("{2150E333-8FDC-42A3-9474-1A3956D46DE8}") = "Back", "Back", "{D05CAB60-BBE7-41DA-9D64-73C4FEE60C20}"
EndProject
Project("{2150E333-8FDC-42A3-9474-1A3956D46DE8}") = "Core", "Core", "{C273A911-6ACD-4F85-804D-62A26A893F3E}"
EndProject
Project("{9A19103F-16F7-4668-BE54-9A1E7A4F7556}") = "PCS.Auth", "Back\Core\PCS.Auth\PCS.Auth.csproj", "{6B9E6CB5-C406-4A6B-A063-0334EBA3286D}"
EndProject
Project("{2150E333-8FDC-42A3-9474-1A3956D46DE8}") = "Business", "Business", "{C1B0EF81-C65C-4528-B36F-CD04B4E51EDB}"
EndProject
Project("{2150E333-8FDC-42A3-9474-1A3956D46DE8}") = "Common", "Common", "{D89A366F-7313-47C5-AA91-2FC9CC740F3D}"
EndProject
Project("{9A19103F-16F7-4668-BE54-9A1E7A4F7556}") = "PCS.Common.Entities", "Common\PCS.Common.Entities\PCS.Common.Entities.csproj", "{1BD617B4-79BD-4823-8891-048AE8FEE140}"
EndProject
Project("{9A19103F-16F7-4668-BE54-9A1E7A4F7556}") = "PCS.Business.Refuel", "Business\PCS.Business.Refuel\PCS.Business.Refuel.csproj", "{2161465E-C87F-47DF-9683-36BEADAF91E3}"
EndProject
Project("{9A19103F-16F7-4668-BE54-9A1E7A4F7556}") = "PCS.Business.Garage", "Back\Business\PCS.Business.Garage\PCS.Business.Garage.csproj", "{D8117C11-ED1B-4797-A515-A9B0CDDC8459}"
EndProject
Project("{FAE04EC0-301F-11D3-BF4B-00C04F79EFBC}") = "PCS.Common.Business", "Common\PCS.Common.Business\PCS.Common.Business.csproj", "{D9CC9975-386D-4BB9-A6F3-E57DAE595D64}"
EndProject
Global
	GlobalSection(SolutionConfigurationPlatforms) = preSolution
		Debug|Any CPU = Debug|Any CPU
		Release|Any CPU = Release|Any CPU
	EndGlobalSection
	GlobalSection(ProjectConfigurationPlatforms) = postSolution
		{34A5244B-C529-49FD-9B25-7D11F9EF4F9F}.Debug|Any CPU.ActiveCfg = Debug|Any CPU
		{34A5244B-C529-49FD-9B25-7D11F9EF4F9F}.Debug|Any CPU.Build.0 = Debug|Any CPU
		{34A5244B-C529-49FD-9B25-7D11F9EF4F9F}.Debug|Any CPU.Deploy.0 = Debug|Any CPU
		{34A5244B-C529-49FD-9B25-7D11F9EF4F9F}.Release|Any CPU.ActiveCfg = Release|Any CPU
		{34A5244B-C529-49FD-9B25-7D11F9EF4F9F}.Release|Any CPU.Build.0 = Release|Any CPU
		{34A5244B-C529-49FD-9B25-7D11F9EF4F9F}.Release|Any CPU.Deploy.0 = Release|Any CPU
		{6B9E6CB5-C406-4A6B-A063-0334EBA3286D}.Debug|Any CPU.ActiveCfg = Debug|Any CPU
		{6B9E6CB5-C406-4A6B-A063-0334EBA3286D}.Debug|Any CPU.Build.0 = Debug|Any CPU
		{6B9E6CB5-C406-4A6B-A063-0334EBA3286D}.Release|Any CPU.ActiveCfg = Release|Any CPU
		{6B9E6CB5-C406-4A6B-A063-0334EBA3286D}.Release|Any CPU.Build.0 = Release|Any CPU
		{1BD617B4-79BD-4823-8891-048AE8FEE140}.Debug|Any CPU.ActiveCfg = Debug|Any CPU
		{1BD617B4-79BD-4823-8891-048AE8FEE140}.Debug|Any CPU.Build.0 = Debug|Any CPU
		{1BD617B4-79BD-4823-8891-048AE8FEE140}.Release|Any CPU.ActiveCfg = Release|Any CPU
		{1BD617B4-79BD-4823-8891-048AE8FEE140}.Release|Any CPU.Build.0 = Release|Any CPU
		{2161465E-C87F-47DF-9683-36BEADAF91E3}.Debug|Any CPU.ActiveCfg = Debug|Any CPU
		{2161465E-C87F-47DF-9683-36BEADAF91E3}.Debug|Any CPU.Build.0 = Debug|Any CPU
		{2161465E-C87F-47DF-9683-36BEADAF91E3}.Release|Any CPU.ActiveCfg = Release|Any CPU
		{2161465E-C87F-47DF-9683-36BEADAF91E3}.Release|Any CPU.Build.0 = Release|Any CPU
		{D8117C11-ED1B-4797-A515-A9B0CDDC8459}.Debug|Any CPU.ActiveCfg = Debug|Any CPU
		{D8117C11-ED1B-4797-A515-A9B0CDDC8459}.Debug|Any CPU.Build.0 = Debug|Any CPU
		{D8117C11-ED1B-4797-A515-A9B0CDDC8459}.Release|Any CPU.ActiveCfg = Release|Any CPU
		{D8117C11-ED1B-4797-A515-A9B0CDDC8459}.Release|Any CPU.Build.0 = Release|Any CPU
		{D9CC9975-386D-4BB9-A6F3-E57DAE595D64}.Debug|Any CPU.ActiveCfg = Debug|Any CPU
		{D9CC9975-386D-4BB9-A6F3-E57DAE595D64}.Debug|Any CPU.Build.0 = Debug|Any CPU
		{D9CC9975-386D-4BB9-A6F3-E57DAE595D64}.Release|Any CPU.ActiveCfg = Release|Any CPU
		{D9CC9975-386D-4BB9-A6F3-E57DAE595D64}.Release|Any CPU.Build.0 = Release|Any CPU
	EndGlobalSection
	GlobalSection(SolutionProperties) = preSolution
		HideSolutionNode = FALSE
	EndGlobalSection
	GlobalSection(NestedProjects) = preSolution
		{C273A911-6ACD-4F85-804D-62A26A893F3E} = {D05CAB60-BBE7-41DA-9D64-73C4FEE60C20}
		{6B9E6CB5-C406-4A6B-A063-0334EBA3286D} = {C273A911-6ACD-4F85-804D-62A26A893F3E}
		{C1B0EF81-C65C-4528-B36F-CD04B4E51EDB} = {D05CAB60-BBE7-41DA-9D64-73C4FEE60C20}
		{D89A366F-7313-47C5-AA91-2FC9CC740F3D} = {D05CAB60-BBE7-41DA-9D64-73C4FEE60C20}
		{1BD617B4-79BD-4823-8891-048AE8FEE140} = {D89A366F-7313-47C5-AA91-2FC9CC740F3D}
		{2161465E-C87F-47DF-9683-36BEADAF91E3} = {C1B0EF81-C65C-4528-B36F-CD04B4E51EDB}
		{D8117C11-ED1B-4797-A515-A9B0CDDC8459} = {C1B0EF81-C65C-4528-B36F-CD04B4E51EDB}
		{D9CC9975-386D-4BB9-A6F3-E57DAE595D64} = {D89A366F-7313-47C5-AA91-2FC9CC740F3D}
	EndGlobalSection
	GlobalSection(ExtensibilityGlobals) = postSolution
		SolutionGuid = {1FDAABB5-CBE7-464C-B209-0D19E8D17CA6}
	EndGlobalSection
EndGlobal
